
Microsoft Visual Studio Solution File, Format Version 12.00
# Visual Studio Express 2013 for Web
VisualStudioVersion = 12.0.30110.0
MinimumVisualStudioVersion = 10.0.40219.1
Project("{FAE04EC0-301F-11D3-BF4B-00C04F79EFBC}") = "TE.ActivityFinder.DAL", "DAL\TE.ActivityFinder.DAL\TE.ActivityFinder.DAL.csproj", "{66A79E12-0D6C-4E2C-8049-A1739BF613CC}"
EndProject
Project("{2150E333-8FDC-42A3-9474-1A3956D46DE8}") = "DAL", "DAL", "{895280E3-865B-475C-B7AD-85A75CAA5F80}"
EndProject
Project("{2150E333-8FDC-42A3-9474-1A3956D46DE8}") = "BLL", "BLL", "{0B6CFB30-307B-4904-A338-3143C18BD3A1}"
EndProject
Project("{FAE04EC0-301F-11D3-BF4B-00C04F79EFBC}") = "TE.ActivityFinder.BLL", "BLL\TE.ActivityFinder.BLL\TE.ActivityFinder.BLL.csproj", "{A6DBAAD8-A8D2-430A-ACEE-5DF023DDF148}"
EndProject
Project("{FAE04EC0-301F-11D3-BF4B-00C04F79EFBC}") = "TE.ActivityFinder.WCF", "WCF\TE.ActivityFinder.WCF\TE.ActivityFinder.WCF.csproj", "{CD4393FA-94A6-442F-A47A-69EB99A9F604}"
EndProject
Project("{2150E333-8FDC-42A3-9474-1A3956D46DE8}") = "WCF", "WCF", "{627EB13E-F2A6-46D6-869F-ED203621EACF}"
EndProject
Project("{2150E333-8FDC-42A3-9474-1A3956D46DE8}") = "DB", "DB", "{D8531774-B32F-4A82-88AE-12C9BB8678BD}"
EndProject
Project("{00D1A9C2-B5F0-4AF3-8072-F6C62B433612}") = "TE.ActivityFinder.DB", "DB\TE.ActivityFinder.DB\TE.ActivityFinder.DB\TE.ActivityFinder.DB.sqlproj", "{EAFE0930-4F84-467D-99F2-504075861B45}"
EndProject
Project("{FAE04EC0-301F-11D3-BF4B-00C04F79EFBC}") = "TE.ActivityFinder.UT", "UT\TE.ActivityFinder.UT\TE.ActivityFinder.UT.csproj", "{6BB59143-83C5-404C-8AEF-4AD1762C91B7}"
EndProject
Project("{2150E333-8FDC-42A3-9474-1A3956D46DE8}") = "UT", "UT", "{F7409C33-01D3-4D76-A587-0AA5465C0212}"
EndProject
Global
	GlobalSection(SolutionConfigurationPlatforms) = preSolution
		Debug|Any CPU = Debug|Any CPU
		Release|Any CPU = Release|Any CPU
	EndGlobalSection
	GlobalSection(ProjectConfigurationPlatforms) = postSolution
		{66A79E12-0D6C-4E2C-8049-A1739BF613CC}.Debug|Any CPU.ActiveCfg = Debug|Any CPU
		{66A79E12-0D6C-4E2C-8049-A1739BF613CC}.Debug|Any CPU.Build.0 = Debug|Any CPU
		{66A79E12-0D6C-4E2C-8049-A1739BF613CC}.Release|Any CPU.ActiveCfg = Release|Any CPU
		{66A79E12-0D6C-4E2C-8049-A1739BF613CC}.Release|Any CPU.Build.0 = Release|Any CPU
		{A6DBAAD8-A8D2-430A-ACEE-5DF023DDF148}.Debug|Any CPU.ActiveCfg = Debug|Any CPU
		{A6DBAAD8-A8D2-430A-ACEE-5DF023DDF148}.Debug|Any CPU.Build.0 = Debug|Any CPU
		{A6DBAAD8-A8D2-430A-ACEE-5DF023DDF148}.Release|Any CPU.ActiveCfg = Release|Any CPU
		{A6DBAAD8-A8D2-430A-ACEE-5DF023DDF148}.Release|Any CPU.Build.0 = Release|Any CPU
		{CD4393FA-94A6-442F-A47A-69EB99A9F604}.Debug|Any CPU.ActiveCfg = Debug|Any CPU
		{CD4393FA-94A6-442F-A47A-69EB99A9F604}.Debug|Any CPU.Build.0 = Debug|Any CPU
		{CD4393FA-94A6-442F-A47A-69EB99A9F604}.Release|Any CPU.ActiveCfg = Release|Any CPU
		{CD4393FA-94A6-442F-A47A-69EB99A9F604}.Release|Any CPU.Build.0 = Release|Any CPU
		{EAFE0930-4F84-467D-99F2-504075861B45}.Debug|Any CPU.ActiveCfg = Debug|Any CPU
		{EAFE0930-4F84-467D-99F2-504075861B45}.Debug|Any CPU.Build.0 = Debug|Any CPU
		{EAFE0930-4F84-467D-99F2-504075861B45}.Debug|Any CPU.Deploy.0 = Debug|Any CPU
		{EAFE0930-4F84-467D-99F2-504075861B45}.Release|Any CPU.ActiveCfg = Release|Any CPU
		{EAFE0930-4F84-467D-99F2-504075861B45}.Release|Any CPU.Build.0 = Release|Any CPU
		{EAFE0930-4F84-467D-99F2-504075861B45}.Release|Any CPU.Deploy.0 = Release|Any CPU
		{6BB59143-83C5-404C-8AEF-4AD1762C91B7}.Debug|Any CPU.ActiveCfg = Debug|Any CPU
		{6BB59143-83C5-404C-8AEF-4AD1762C91B7}.Debug|Any CPU.Build.0 = Debug|Any CPU
		{6BB59143-83C5-404C-8AEF-4AD1762C91B7}.Release|Any CPU.ActiveCfg = Release|Any CPU
		{6BB59143-83C5-404C-8AEF-4AD1762C91B7}.Release|Any CPU.Build.0 = Release|Any CPU
	EndGlobalSection
	GlobalSection(SolutionProperties) = preSolution
		HideSolutionNode = FALSE
	EndGlobalSection
	GlobalSection(NestedProjects) = preSolution
		{66A79E12-0D6C-4E2C-8049-A1739BF613CC} = {895280E3-865B-475C-B7AD-85A75CAA5F80}
		{A6DBAAD8-A8D2-430A-ACEE-5DF023DDF148} = {0B6CFB30-307B-4904-A338-3143C18BD3A1}
		{CD4393FA-94A6-442F-A47A-69EB99A9F604} = {627EB13E-F2A6-46D6-869F-ED203621EACF}
		{EAFE0930-4F84-467D-99F2-504075861B45} = {D8531774-B32F-4A82-88AE-12C9BB8678BD}
		{6BB59143-83C5-404C-8AEF-4AD1762C91B7} = {F7409C33-01D3-4D76-A587-0AA5465C0212}
	EndGlobalSection
EndGlobal
